
Microsoft Visual Studio Solution File, Format Version 12.00
# Visual Studio Version 17
VisualStudioVersion = 17.13.35919.96 d17.13
MinimumVisualStudioVersion = 10.0.40219.1
Project("{FAE04EC0-301F-11D3-BF4B-00C04F79EFBC}") = "Logistic_Website", "Logistic_Website\Logistic_Website.csproj", "{647E87BF-AC94-4EAA-851F-F3CA32CEE888}"
EndProject
Global
	GlobalSection(SolutionConfigurationPlatforms) = preSolution
		Debug|Any CPU = Debug|Any CPU
		Release|Any CPU = Release|Any CPU
	EndGlobalSection
	GlobalSection(ProjectConfigurationPlatforms) = postSolution
		{647E87BF-AC94-4EAA-851F-F3CA32CEE888}.Debug|Any CPU.ActiveCfg = Debug|Any CPU
		{647E87BF-AC94-4EAA-851F-F3CA32CEE888}.Debug|Any CPU.Build.0 = Debug|Any CPU
		{647E87BF-AC94-4EAA-851F-F3CA32CEE888}.Release|Any CPU.ActiveCfg = Release|Any CPU
		{647E87BF-AC94-4EAA-851F-F3CA32CEE888}.Release|Any CPU.Build.0 = Release|Any CPU
	EndGlobalSection
	GlobalSection(SolutionProperties) = preSolution
		HideSolutionNode = FALSE
	EndGlobalSection
	GlobalSection(ExtensibilityGlobals) = postSolution
		SolutionGuid = {F5AFD5CE-F119-48BC-9656-B7C201CEBDAA}
	EndGlobalSection
EndGlobal
